{
  "version": "5",
  "specifiers": {
    "jsr:@david/console-static-text@0.3": "0.3.0",
    "jsr:@david/dax@0.39.2": "0.39.2",
    "jsr:@david/dax@~0.44.2": "0.44.2",
    "jsr:@david/path@0.2": "0.2.0",
    "jsr:@david/which@0.3": "0.3.0",
    "jsr:@david/which@~0.4.1": "0.4.1",
    "jsr:@sigma/deno-compat@0.21.0": "0.21.0",
    "jsr:@sigma/parse@0.19": "0.19.0",
    "jsr:@sigmasd/chef@*": "0.27.1",
    "jsr:@sigmasd/deno-infer@3.0.1": "3.0.1",
    "jsr:@sigmasd/gtk@0.31": "0.31.0",
    "jsr:@sigmasd/infer@^3.1.3": "3.1.3",
    "jsr:@sigmasd/lab@*": "0.1.33",
    "jsr:@sigmasd/rust-types@~0.6.1": "0.6.1",
    "jsr:@std/assert@0.213": "0.213.1",
    "jsr:@std/assert@^1.0.18": "1.0.18",
    "jsr:@std/async@^1.1.1": "1.1.1",
    "jsr:@std/bytes@0.213": "0.213.1",
    "jsr:@std/bytes@^1.0.6": "1.0.6",
    "jsr:@std/fmt@0.213.0": "0.213.0",
    "jsr:@std/fmt@1": "1.0.9",
    "jsr:@std/fs@0.213.0": "0.213.0",
    "jsr:@std/fs@1": "1.0.22",
    "jsr:@std/fs@^1.0.20": "1.0.22",
    "jsr:@std/fs@^1.0.22": "1.0.22",
    "jsr:@std/internal@^1.0.12": "1.0.12",
    "jsr:@std/io@0.213": "0.213.0",
    "jsr:@std/io@0.213.0": "0.213.0",
    "jsr:@std/io@0.225": "0.225.3",
    "jsr:@std/path@0.213": "0.213.0",
    "jsr:@std/path@0.213.0": "0.213.0",
    "jsr:@std/path@1": "1.1.4",
    "jsr:@std/path@^1.1.4": "1.1.4",
    "jsr:@std/streams@0.213.0": "0.213.0",
    "npm:@types/node@*": "22.15.15",
    "npm:chalk@*": "5.6.2"
  },
  "jsr": {
    "@david/console-static-text@0.3.0": {
      "integrity": "2dfb46ecee525755f7989f94ece30bba85bd8ffe3e8666abc1bf926e1ee0698d"
    },
    "@david/dax@0.39.2": {
      "integrity": "f7fde219e9a4b331024bcc89bfc5c63b85348cad61ff26a963d893262d92b01c",
      "dependencies": [
        "jsr:@david/which@0.3",
        "jsr:@std/fmt@0.213.0",
        "jsr:@std/fs@0.213.0",
        "jsr:@std/io@0.213.0",
        "jsr:@std/path@0.213.0",
        "jsr:@std/streams"
      ]
    },
    "@david/dax@0.44.2": {
      "integrity": "26f5985f66a4340d55fb05ca90a0063bb5f0d670a326e14cb33a974aafcbb8d9",
      "dependencies": [
        "jsr:@david/console-static-text",
        "jsr:@david/path",
        "jsr:@david/which@~0.4.1",
        "jsr:@std/fmt@1",
        "jsr:@std/fs@^1.0.20",
        "jsr:@std/io@0.225",
        "jsr:@std/path@1"
      ]
    },
    "@david/path@0.2.0": {
      "integrity": "f2d7aa7f02ce5a55e27c09f9f1381794acb09d328f8d3c8a2e3ab3ffc294dccd",
      "dependencies": [
        "jsr:@std/fs@1",
        "jsr:@std/path@1"
      ]
    },
    "@david/which@0.3.0": {
      "integrity": "6bdb62c40ac90edcf328e854fa8103a8db21e7c326089cbe3c3a1cf7887d3204"
    },
    "@david/which@0.4.1": {
      "integrity": "896a682b111f92ab866cc70c5b4afab2f5899d2f9bde31ed00203b9c250f225e"
    },
    "@sigma/deno-compat@0.21.0": {
      "integrity": "9fccd523e88e5f542985f4b31b7839d5ffbddc83f6f57737b96b500b713a5ca1"
    },
    "@sigma/parse@0.19.0": {
      "integrity": "cf97d4fe67281a36de5308002657993e6415952e9a93bbcc37c6c35622d9900f"
    },
    "@sigmasd/chef@0.27.1": {
      "integrity": "ae203932d88e9d4fea730917b218e543f9dac60f3c2c9da39a922cdea09f824c"
    },
    "@sigmasd/deno-infer@3.0.1": {
      "integrity": "11881714f838a1d557b6c6933b2e39794b07686169ceb8321f1bfbfb4cdbcd0d"
    },
    "@sigmasd/gtk@0.31.0": {
      "integrity": "cce8abdab58068dc5e7d84c07c207fef936f52800a6be91f1f2f2db7d6c86132",
      "dependencies": [
        "jsr:@sigma/deno-compat"
      ]
    },
    "@sigmasd/infer@3.1.3": {
      "integrity": "1bf4df6fdbac9d84ea96112ac9e5c0fd0e099a8100e189f3029f94f8c889bbe2"
    },
    "@sigmasd/lab@0.1.33": {
      "integrity": "118bad77d689c7479347bf6b5dcfa47010f151495613cafa7363b8636d2c4848"
    },
    "@sigmasd/rust-types@0.6.1": {
      "integrity": "a9037278897aa25beec301ca552ed9c2f570795f48206888f736549d0f19bb9b"
    },
    "@std/assert@0.213.1": {
      "integrity": "24c28178b30c8e0782c18e8e94ea72b16282207569cdd10ffb9d1d26f2edebfe"
    },
    "@std/assert@1.0.14": {
      "integrity": "68d0d4a43b365abc927f45a9b85c639ea18a9fab96ad92281e493e4ed84abaa4"
    },
    "@std/assert@1.0.18": {
      "integrity": "270245e9c2c13b446286de475131dc688ca9abcd94fc5db41d43a219b34d1c78",
      "dependencies": [
        "jsr:@std/internal"
      ]
    },
    "@std/async@1.1.1": {
      "integrity": "8a79beb3378cc229ce65ba2c746cfd03e4855ddd891d1eb6b9e32128e0d5339c"
    },
    "@std/bytes@0.213.1": {
      "integrity": "97f133c5bfb18b4522675e0822089de91e32618a4d8c2fcea8e175aca8f1f65c"
    },
    "@std/bytes@1.0.6": {
      "integrity": "f6ac6adbd8ccd99314045f5703e23af0a68d7f7e58364b47d2c7f408aeb5820a"
    },
    "@std/fmt@0.213.0": {
      "integrity": "4623054b309ee60e37cc3db2bc55385aa129bb899f0c50e912d79a763aee6b6a"
    },
    "@std/fmt@1.0.9": {
      "integrity": "2487343e8899fb2be5d0e3d35013e54477ada198854e52dd05ed0422eddcabe0"
    },
    "@std/fs@0.213.0": {
      "integrity": "607ed7611e61e33179e2a6a7c60c086d6fef3b79438c403c51a336d0ca4e162d",
      "dependencies": [
        "jsr:@std/assert@0.213",
        "jsr:@std/path@0.213"
      ]
    },
    "@std/fs@1.0.22": {
      "integrity": "de0f277a58a867147a8a01bc1b181d0dfa80bfddba8c9cf2bacd6747bcec9308",
      "dependencies": [
        "jsr:@std/internal",
        "jsr:@std/path@^1.1.4"
      ]
    },
    "@std/internal@1.0.12": {
      "integrity": "972a634fd5bc34b242024402972cd5143eac68d8dffaca5eaa4dba30ce17b027"
    },
    "@std/io@0.213.0": {
      "integrity": "e78db92000e718c4b37e3c5f8a854a7c8d66cf4f1ab81d2c5c834172e66191cb",
      "dependencies": [
        "jsr:@std/assert@0.213",
        "jsr:@std/bytes@0.213"
      ]
    },
    "@std/io@0.225.3": {
      "integrity": "27b07b591384d12d7b568f39e61dff966b8230559122df1e9fd11cc068f7ddd1",
      "dependencies": [
        "jsr:@std/bytes@^1.0.6"
      ]
    },
    "@std/path@0.213.0": {
      "integrity": "9488ae5c052132130ac8ae406aafe1db2a407d6839ac0e8896c99497ff59087e",
      "dependencies": [
        "jsr:@std/assert@0.213"
      ]
    },
    "@std/path@1.1.2": {
      "integrity": "c0b13b97dfe06546d5e16bf3966b1cadf92e1cc83e56ba5476ad8b498d9e3038"
    },
    "@std/path@1.1.4": {
      "integrity": "1d2d43f39efb1b42f0b1882a25486647cb851481862dc7313390b2bb044314b5",
      "dependencies": [
        "jsr:@std/internal"
      ]
    },
    "@std/streams@0.213.0": {
      "integrity": "14519c7ce5f4c88de2e365f4bf1b8371c942a9fe0e1f9a0b9e10a56e3c3e3877",
      "dependencies": [
        "jsr:@std/io@0.213"
      ]
    }
  },
  "npm": {
    "@types/node@22.15.15": {
      "integrity": "sha512-R5muMcZob3/Jjchn5LcO8jdKwSCbzqmPB6ruBxMcf9kbxtniZHP327s6C37iOfuw8mbKK3cAQa7sEl7afLrQ8A==",
      "dependencies": [
        "undici-types"
      ]
    },
    "chalk@5.6.2": {
      "integrity": "sha512-7NzBL0rN6fMUW+f7A6Io4h40qQlG+xGmtMxfbnH/K7TAtt8JQWVQK+6g0UXKMeVJoyV5EkkNsErQ8pVD3bLHbA=="
    },
    "undici-types@6.21.0": {
      "integrity": "sha512-iwDZqg0QAGrg9Rav5H4n0M64c3mkR59cJ6wQp+7C4nI0gsmExaedaYLNO44eT4AtBBwjbTiGPMlt2Md0T9H9JQ=="
    }
  },
  "workspace": {
    "dependencies": [
      "jsr:@david/dax@~0.44.2",
      "jsr:@sigma/parse@0.19",
      "jsr:@sigmasd/gtk@0.31",
      "jsr:@sigmasd/infer@^3.1.3",
      "jsr:@sigmasd/rust-types@~0.6.1",
      "jsr:@std/assert@^1.0.18",
      "jsr:@std/async@^1.1.1",
      "jsr:@std/fs@^1.0.22",
      "jsr:@std/path@^1.1.4"
    ]
  }
}
