{
  "version": "5",
  "specifiers": {
    "jsr:@david/console-static-text@0.3": "0.3.0",
    "jsr:@david/dax@*": "0.45.0",
    "jsr:@david/dax@0.45": "0.45.0",
    "jsr:@david/dax@0.45.0": "0.45.0",
    "jsr:@david/path@0.2": "0.2.0",
    "jsr:@david/which@~0.4.1": "0.4.1",
    "jsr:@sigma/deno-compat@0.22.0": "0.22.0",
    "jsr:@sigma/parse@0.46": "0.46.0",
    "jsr:@sigma/parse@0.52": "0.52.0",
    "jsr:@sigma/parse@0.53": "0.53.0",
    "jsr:@sigmasd/gtk@0.48": "0.48.0",
    "jsr:@sigmasd/infer@^3.1.3": "3.1.3",
    "jsr:@std/assert@^1.0.17": "1.0.19",
    "jsr:@std/assert@^1.0.19": "1.0.19",
    "jsr:@std/async@^1.1.0": "1.2.0",
    "jsr:@std/async@^1.2.0": "1.2.0",
    "jsr:@std/bytes@^1.0.6": "1.0.6",
    "jsr:@std/cli@*": "1.0.28",
    "jsr:@std/cli@1": "1.0.28",
    "jsr:@std/collections@^1.1.3": "1.1.5",
    "jsr:@std/collections@~0.220.1": "0.220.1",
    "jsr:@std/data-structures@^1.0.10": "1.0.10",
    "jsr:@std/encoding@^1.0.10": "1.0.10",
    "jsr:@std/fmt@1": "1.0.9",
    "jsr:@std/fs@1": "1.0.23",
    "jsr:@std/fs@^1.0.22": "1.0.23",
    "jsr:@std/fs@^1.0.23": "1.0.23",
    "jsr:@std/internal@^1.0.12": "1.0.12",
    "jsr:@std/io@0.225": "0.225.3",
    "jsr:@std/json@^1.0.2": "1.0.3",
    "jsr:@std/jsonc@*": "1.0.2",
    "jsr:@std/jsonc@1.0.2": "1.0.2",
    "jsr:@std/path@*": "1.1.4",
    "jsr:@std/path@1": "1.1.4",
    "jsr:@std/path@1.1.4": "1.1.4",
    "jsr:@std/path@^1.1.4": "1.1.4",
    "jsr:@std/semver@^1.0.8": "1.0.8",
    "jsr:@std/streams@^1.0.17": "1.0.17",
    "jsr:@std/testing@^1.0.17": "1.0.17",
    "jsr:@std/toml@^1.0.11": "1.0.11",
    "jsr:@std/toml@~0.220.1": "0.220.1"
  },
  "jsr": {
    "@david/console-static-text@0.3.0": {
      "integrity": "2dfb46ecee525755f7989f94ece30bba85bd8ffe3e8666abc1bf926e1ee0698d"
    },
    "@david/dax@0.45.0": {
      "integrity": "ac7565dc5c3e5be953a18b505e5dd0d8a30ed53656b65fd34a53bd8d2d5d6b1e",
      "dependencies": [
        "jsr:@david/console-static-text",
        "jsr:@david/path",
        "jsr:@david/which",
        "jsr:@std/fmt",
        "jsr:@std/fs@1",
        "jsr:@std/io",
        "jsr:@std/path@1"
      ]
    },
    "@david/path@0.2.0": {
      "integrity": "f2d7aa7f02ce5a55e27c09f9f1381794acb09d328f8d3c8a2e3ab3ffc294dccd",
      "dependencies": [
        "jsr:@std/fs@1",
        "jsr:@std/path@1"
      ]
    },
    "@david/which@0.4.1": {
      "integrity": "896a682b111f92ab866cc70c5b4afab2f5899d2f9bde31ed00203b9c250f225e"
    },
    "@sigma/deno-compat@0.22.0": {
      "integrity": "a7e38065b8cf8918b0c2d7c6bce8ffe29086055fd67b4bed52b60c8a127391bd"
    },
    "@sigma/parse@0.46.0": {
      "integrity": "f0a7f66d3446b00f0d2f499524ead1fee02943fd6af6e24106877bfc1eef6758"
    },
    "@sigma/parse@0.52.0": {
      "integrity": "65e7aecc409fe53c04fc57a3300125589e54c6c22c7015df72305802cee62945"
    },
    "@sigma/parse@0.53.0": {
      "integrity": "40a409349a448f591d2f8a7df704d15c83155d343403e322c55f562b5bae95ff"
    },
    "@sigmasd/gtk@0.48.0": {
      "integrity": "4959a194abe31e40ad0810cc72b9b87991564e8c22cb543886c945a48cb1a91b",
      "dependencies": [
        "jsr:@sigma/deno-compat"
      ]
    },
    "@sigmasd/infer@3.1.3": {
      "integrity": "1bf4df6fdbac9d84ea96112ac9e5c0fd0e099a8100e189f3029f94f8c889bbe2"
    },
    "@std/assert@1.0.19": {
      "integrity": "eaada96ee120cb980bc47e040f82814d786fe8162ecc53c91d8df60b8755991e",
      "dependencies": [
        "jsr:@std/internal"
      ]
    },
    "@std/async@1.2.0": {
      "integrity": "c059c6f6d95ca7cc012ae8e8d7164d1697113d54b0b679e4372b354b11c2dee5"
    },
    "@std/bytes@1.0.6": {
      "integrity": "f6ac6adbd8ccd99314045f5703e23af0a68d7f7e58364b47d2c7f408aeb5820a"
    },
    "@std/cli@1.0.28": {
      "integrity": "74ef9b976db59ca6b23a5283469c9072be6276853807a83ec6c7ce412135c70a"
    },
    "@std/collections@0.220.1": {
      "integrity": "5820a8d7f69ef93af6807249dfa4be5b97ebf8654c587826612744cf7ae57ef2"
    },
    "@std/collections@1.1.5": {
      "integrity": "c37cc6bbbbf90fec3e782535a46c9c8a3210f19118c61add71fcea86b0ffd491"
    },
    "@std/data-structures@1.0.10": {
      "integrity": "f574f86b0e07c69b9edc555fcc814b57d29258bad39fd5a34ba8a80ecf033cfe"
    },
    "@std/encoding@1.0.10": {
      "integrity": "8783c6384a2d13abd5e9e87a7ae0520a30e9f56aeeaa3bdf910a3eaaf5c811a1"
    },
    "@std/fmt@1.0.9": {
      "integrity": "2487343e8899fb2be5d0e3d35013e54477ada198854e52dd05ed0422eddcabe0"
    },
    "@std/fs@1.0.23": {
      "integrity": "3ecbae4ce4fee03b180fa710caff36bb5adb66631c46a6460aaad49515565a37",
      "dependencies": [
        "jsr:@std/internal",
        "jsr:@std/path@^1.1.4"
      ]
    },
    "@std/internal@1.0.12": {
      "integrity": "972a634fd5bc34b242024402972cd5143eac68d8dffaca5eaa4dba30ce17b027"
    },
    "@std/io@0.225.3": {
      "integrity": "27b07b591384d12d7b568f39e61dff966b8230559122df1e9fd11cc068f7ddd1",
      "dependencies": [
        "jsr:@std/bytes"
      ]
    },
    "@std/json@1.0.3": {
      "integrity": "97d5710996293a027b7aa5f0d1f4fa29f246f269e6b5597e08807613f37d426c"
    },
    "@std/jsonc@1.0.2": {
      "integrity": "909605dae3af22bd75b1cbda8d64a32cf1fd2cf6efa3f9e224aba6d22c0f44c7",
      "dependencies": [
        "jsr:@std/json"
      ]
    },
    "@std/path@1.1.4": {
      "integrity": "1d2d43f39efb1b42f0b1882a25486647cb851481862dc7313390b2bb044314b5",
      "dependencies": [
        "jsr:@std/internal"
      ]
    },
    "@std/semver@1.0.8": {
      "integrity": "dc830e8b8b6a380c895d53fbfd1258dc253704ca57bbe1629ac65fd7830179b7"
    },
    "@std/streams@1.0.17": {
      "integrity": "7859f3d9deed83cf4b41f19223d4a67661b3d3819e9fc117698f493bf5992140",
      "dependencies": [
        "jsr:@std/bytes"
      ]
    },
    "@std/testing@1.0.17": {
      "integrity": "87bdc2700fa98249d48a17cd72413352d3d3680dcfbdb64947fd0982d6bbf681",
      "dependencies": [
        "jsr:@std/assert@^1.0.17",
        "jsr:@std/async@^1.1.0",
        "jsr:@std/data-structures",
        "jsr:@std/fs@^1.0.22",
        "jsr:@std/internal",
        "jsr:@std/path@^1.1.4"
      ]
    },
    "@std/toml@0.220.1": {
      "integrity": "853ee6bdcd2ec841512a900f55814cd511276c45ff6eccd04f0a7f7fa7d677ba",
      "dependencies": [
        "jsr:@std/collections@~0.220.1"
      ]
    },
    "@std/toml@1.0.11": {
      "integrity": "e084988b872ca4bad6aedfb7350f6eeed0e8ba88e9ee5e1590621c5b5bb8f715",
      "dependencies": [
        "jsr:@std/collections@^1.1.3"
      ]
    }
  },
  "workspace": {
    "dependencies": [
      "jsr:@david/dax@0.45",
      "jsr:@sigma/parse@0.53",
      "jsr:@sigmasd/gtk@0.48",
      "jsr:@sigmasd/infer@^3.1.3",
      "jsr:@std/assert@^1.0.19",
      "jsr:@std/async@^1.2.0",
      "jsr:@std/encoding@^1.0.10",
      "jsr:@std/fs@^1.0.23",
      "jsr:@std/path@^1.1.4",
      "jsr:@std/semver@^1.0.8",
      "jsr:@std/streams@^1.0.17",
      "jsr:@std/testing@^1.0.17"
    ]
  }
}
